
Microsoft Visual Studio Solution File, Format Version 12.00
# Visual Studio 15
VisualStudioVersion = 15.0.28010.2016
MinimumVisualStudioVersion = 10.0.40219.1
Project("{FAE04EC0-301F-11D3-BF4B-00C04F79EFBC}") = "MyRESProject.Android", "MyRESProject\MyRESProject.Android\MyRESProject.Android.csproj", "{D0D817C5-B607-461E-8A2A-78FEE253088D}"
EndProject
Project("{FAE04EC0-301F-11D3-BF4B-00C04F79EFBC}") = "MyRESProject", "MyRESProject\MyRESProject\MyRESProject.csproj", "{44858EB1-3A63-4E35-8C35-93885656C178}"
EndProject
Global
	GlobalSection(SolutionConfigurationPlatforms) = preSolution
		Debug|Any CPU = Debug|Any CPU
		Release|Any CPU = Release|Any CPU
	EndGlobalSection
	GlobalSection(ProjectConfigurationPlatforms) = postSolution
		{D0D817C5-B607-461E-8A2A-78FEE253088D}.Debug|Any CPU.ActiveCfg = Debug|Any CPU
		{D0D817C5-B607-461E-8A2A-78FEE253088D}.Debug|Any CPU.Build.0 = Debug|Any CPU
		{D0D817C5-B607-461E-8A2A-78FEE253088D}.Debug|Any CPU.Deploy.0 = Debug|Any CPU
		{D0D817C5-B607-461E-8A2A-78FEE253088D}.Release|Any CPU.ActiveCfg = Release|Any CPU
		{D0D817C5-B607-461E-8A2A-78FEE253088D}.Release|Any CPU.Build.0 = Release|Any CPU
		{D0D817C5-B607-461E-8A2A-78FEE253088D}.Release|Any CPU.Deploy.0 = Release|Any CPU
		{44858EB1-3A63-4E35-8C35-93885656C178}.Debug|Any CPU.ActiveCfg = Debug|Any CPU
		{44858EB1-3A63-4E35-8C35-93885656C178}.Debug|Any CPU.Build.0 = Debug|Any CPU
		{44858EB1-3A63-4E35-8C35-93885656C178}.Debug|Any CPU.Deploy.0 = Debug|Any CPU
		{44858EB1-3A63-4E35-8C35-93885656C178}.Release|Any CPU.ActiveCfg = Release|Any CPU
		{44858EB1-3A63-4E35-8C35-93885656C178}.Release|Any CPU.Build.0 = Release|Any CPU
		{44858EB1-3A63-4E35-8C35-93885656C178}.Release|Any CPU.Deploy.0 = Release|Any CPU
	EndGlobalSection
	GlobalSection(SolutionProperties) = preSolution
		HideSolutionNode = FALSE
	EndGlobalSection
	GlobalSection(ExtensibilityGlobals) = postSolution
		SolutionGuid = {2E0C75D0-E0E3-4630-909A-FAF9A8924896}
	EndGlobalSection
EndGlobal
